
Microsoft Visual Studio Solution File, Format Version 12.00
# Visual Studio Version 17
VisualStudioVersion = 17.0.32112.339
MinimumVisualStudioVersion = 10.0.40219.1
Project("{9A19103F-16F7-4668-BE54-9A1E7A4F7556}") = "KentBeckTDDSampleCode", "KentBeckTDDSampleCode.csproj", "{B2892895-EA44-49EA-B01E-D6CD9935EFA4}"
EndProject
Project("{FAE04EC0-301F-11D3-BF4B-00C04F79EFBC}") = "KentBeckTDDSampleCodeTest", "..\KentBeckTDDSampleCodeTest\KentBeckTDDSampleCodeTest.csproj", "{FE94FEBA-CD88-4F8F-A975-F9FA8ABB057D}"
EndProject
Global
	GlobalSection(SolutionConfigurationPlatforms) = preSolution
		Debug|Any CPU = Debug|Any CPU
		Release|Any CPU = Release|Any CPU
	EndGlobalSection
	GlobalSection(ProjectConfigurationPlatforms) = postSolution
		{B2892895-EA44-49EA-B01E-D6CD9935EFA4}.Debug|Any CPU.ActiveCfg = Debug|Any CPU
		{B2892895-EA44-49EA-B01E-D6CD9935EFA4}.Debug|Any CPU.Build.0 = Debug|Any CPU
		{B2892895-EA44-49EA-B01E-D6CD9935EFA4}.Release|Any CPU.ActiveCfg = Release|Any CPU
		{B2892895-EA44-49EA-B01E-D6CD9935EFA4}.Release|Any CPU.Build.0 = Release|Any CPU
		{FE94FEBA-CD88-4F8F-A975-F9FA8ABB057D}.Debug|Any CPU.ActiveCfg = Debug|Any CPU
		{FE94FEBA-CD88-4F8F-A975-F9FA8ABB057D}.Debug|Any CPU.Build.0 = Debug|Any CPU
		{FE94FEBA-CD88-4F8F-A975-F9FA8ABB057D}.Release|Any CPU.ActiveCfg = Release|Any CPU
		{FE94FEBA-CD88-4F8F-A975-F9FA8ABB057D}.Release|Any CPU.Build.0 = Release|Any CPU
	EndGlobalSection
	GlobalSection(SolutionProperties) = preSolution
		HideSolutionNode = FALSE
	EndGlobalSection
	GlobalSection(ExtensibilityGlobals) = postSolution
		SolutionGuid = {45281D73-4821-4C68-A388-961D3AF073EC}
	EndGlobalSection
EndGlobal
